
Microsoft Visual Studio Solution File, Format Version 12.00
# Visual Studio Version 17
VisualStudioVersion = 17.2.32630.192
MinimumVisualStudioVersion = 10.0.40219.1
Project("{2150E333-8FDC-42A3-9474-1A3956D46DE8}") = "src", "src", "{BDA789EF-5E61-40F8-9F79-865C70B6F2D6}"
EndProject
Project("{2150E333-8FDC-42A3-9474-1A3956D46DE8}") = "tests", "tests", "{0272FBC0-7164-4B83-9BE4-22FD26E2A8D4}"
EndProject
Project("{2150E333-8FDC-42A3-9474-1A3956D46DE8}") = "API", "API", "{DCFD1816-4210-491C-A119-A2277CE010EE}"
EndProject
Project("{2150E333-8FDC-42A3-9474-1A3956D46DE8}") = "Core", "Core", "{AE486DAA-DE1B-4033-A4A0-003000808987}"
EndProject
Project("{2150E333-8FDC-42A3-9474-1A3956D46DE8}") = "Infrastructure", "Infrastructure", "{B24B4C37-567F-4BB3-BB6C-5F00E00032FA}"
EndProject
Project("{2150E333-8FDC-42A3-9474-1A3956D46DE8}") = "UI", "UI", "{AADC81CA-3EE0-49FE-A38B-304D773455DB}"
EndProject
Project("{FAE04EC0-301F-11D3-BF4B-00C04F79EFBC}") = "LeaveManagement.Domain", "src\Core\LeaveManagement.Domain\LeaveManagement.Domain.csproj", "{B59AD3EC-0D35-453C-B697-1340A4E53F85}"
EndProject
Global
	GlobalSection(SolutionConfigurationPlatforms) = preSolution
		Debug|Any CPU = Debug|Any CPU
		Release|Any CPU = Release|Any CPU
	EndGlobalSection
	GlobalSection(ProjectConfigurationPlatforms) = postSolution
		{B59AD3EC-0D35-453C-B697-1340A4E53F85}.Debug|Any CPU.ActiveCfg = Debug|Any CPU
		{B59AD3EC-0D35-453C-B697-1340A4E53F85}.Debug|Any CPU.Build.0 = Debug|Any CPU
		{B59AD3EC-0D35-453C-B697-1340A4E53F85}.Release|Any CPU.ActiveCfg = Release|Any CPU
		{B59AD3EC-0D35-453C-B697-1340A4E53F85}.Release|Any CPU.Build.0 = Release|Any CPU
	EndGlobalSection
	GlobalSection(SolutionProperties) = preSolution
		HideSolutionNode = FALSE
	EndGlobalSection
	GlobalSection(NestedProjects) = preSolution
		{DCFD1816-4210-491C-A119-A2277CE010EE} = {BDA789EF-5E61-40F8-9F79-865C70B6F2D6}
		{AE486DAA-DE1B-4033-A4A0-003000808987} = {BDA789EF-5E61-40F8-9F79-865C70B6F2D6}
		{B24B4C37-567F-4BB3-BB6C-5F00E00032FA} = {BDA789EF-5E61-40F8-9F79-865C70B6F2D6}
		{AADC81CA-3EE0-49FE-A38B-304D773455DB} = {BDA789EF-5E61-40F8-9F79-865C70B6F2D6}
		{B59AD3EC-0D35-453C-B697-1340A4E53F85} = {AE486DAA-DE1B-4033-A4A0-003000808987}
	EndGlobalSection
	GlobalSection(ExtensibilityGlobals) = postSolution
		SolutionGuid = {74254E84-BEE0-4045-9954-FE17371E3DCE}
	EndGlobalSection
EndGlobal
